PODS:
  - Alamofire (4.8.0)
  - Networking (2.2.0):
    - Alamofire (~> 4.7)
  - PKHUD (5.2.0)
  - RxAtomic (4.4.0)
  - RxCocoa (4.4.0):
    - RxSwift (~> 4.0)
  - RxSwift (4.4.0):
    - RxAtomic (~> 4.4)

DEPENDENCIES:
  - Networking (from `http://bellatrix:8080/tfs/ArgeMimariCollection/OneFrameIOS/_git/NetworkingV2`, tag `2.2.0`)
  - PKHUD (~> 5.0)
  - RxCocoa
  - RxSwift

SPEC REPOS:
  https://github.com/cocoapods/specs.git:
    - Alamofire
    - PKHUD
    - RxAtomic
    - RxCocoa
    - RxSwift

EXTERNAL SOURCES:
  Networking:
    :git: http://bellatrix:8080/tfs/ArgeMimariCollection/OneFrameIOS/_git/NetworkingV2
    :tag: 2.2.0

CHECKOUT OPTIONS:
  Networking:
    :git: http://bellatrix:8080/tfs/ArgeMimariCollection/OneFrameIOS/_git/NetworkingV2
    :tag: 2.2.0

SPEC CHECKSUMS:
  Alamofire: 3ec537f71edc9804815215393ae2b1a8ea33a844
  Networking: 1d06e8acb5a13523f35e5cb12d3dc32666db9e4e
  PKHUD: dd5357ac65f26115c35c4a68e9b328053326c5fe
  RxAtomic: eacf60db868c96bfd63320e28619fe29c179656f
  RxCocoa: df63ebf7b9a70d6b4eeea407ed5dd4efc8979749
  RxSwift: 5976ecd04fc2fefd648827c23de5e11157faa973

PODFILE CHECKSUM: 55675c27661dcc587fae0cb9a9c8519be05872ea

COCOAPODS: 1.5.3
