// !$*UTF8*$!
{
	archiveVersion = 1;
	classes = {
	};
	objectVersion = 50;
	objects = {

/* Begin PBXBuildFile section */
		4C4393AD22018C0A0009337D /* AppDelegate.swift in Sources */ = {isa = PBXBuildFile; fileRef = 4C4393AC22018C0A0009337D /* AppDelegate.swift */; };
		4C4393B422018C0B0009337D /* Assets.xcassets in Resources */ = {isa = PBXBuildFile; fileRef = 4C4393B322018C0B0009337D /* Assets.xcassets */; };
		4C4393B722018C0B0009337D /* LaunchScreen.storyboard in Resources */ = {isa = PBXBuildFile; fileRef = 4C4393B522018C0B0009337D /* LaunchScreen.storyboard */; };
		4C87CD722202260400583F20 /* ProjectListViewController.swift in Sources */ = {isa = PBXBuildFile; fileRef = 4C87CD712202260400583F20 /* ProjectListViewController.swift */; };
		4C87CD792202273700583F20 /* ProjectListViewModel.swift in Sources */ = {isa = PBXBuildFile; fileRef = 4C87CD782202273700583F20 /* ProjectListViewModel.swift */; };
		4C87CD7B22022E2300583F20 /* Main.storyboard in Resources */ = {isa = PBXBuildFile; fileRef = 4C87CD7A22022E2300583F20 /* Main.storyboard */; };
		4C87CD7D2202350300583F20 /* mvvm-model.png in Resources */ = {isa = PBXBuildFile; fileRef = 4C87CD7C2202350300583F20 /* mvvm-model.png */; };
		4C87CD7F2202357900583F20 /* mvvm-repository.png in Resources */ = {isa = PBXBuildFile; fileRef = 4C87CD7E2202357900583F20 /* mvvm-repository.png */; };
		4C87CD81220235F000583F20 /* mvvm-viewmodel.png in Resources */ = {isa = PBXBuildFile; fileRef = 4C87CD80220235F000583F20 /* mvvm-viewmodel.png */; };
		4C87CD832202369300583F20 /* mvvm-viewcontroller1.png in Resources */ = {isa = PBXBuildFile; fileRef = 4C87CD822202369300583F20 /* mvvm-viewcontroller1.png */; };
		4C87CD852202369C00583F20 /* mvvm-viewcontroller2.png in Resources */ = {isa = PBXBuildFile; fileRef = 4C87CD842202369C00583F20 /* mvvm-viewcontroller2.png */; };
		4C9D8C952201EACC00DB60F8 /* GitHubRepository.swift in Sources */ = {isa = PBXBuildFile; fileRef = 4C9D8C942201EACC00DB60F8 /* GitHubRepository.swift */; };
		4C9D8C972201EB2100DB60F8 /* ProjectModel.swift in Sources */ = {isa = PBXBuildFile; fileRef = 4C9D8C962201EB2100DB60F8 /* ProjectModel.swift */; };
		4C9D8C992201EB6D00DB60F8 /* UserModel.swift in Sources */ = {isa = PBXBuildFile; fileRef = 4C9D8C982201EB6D00DB60F8 /* UserModel.swift */; };
		6CF3E2B52316B9B400F2E8B4 /* GithubRepoTableViewCell.swift in Sources */ = {isa = PBXBuildFile; fileRef = 6CF3E2B32316B9B400F2E8B4 /* GithubRepoTableViewCell.swift */; };
		6CF3E2B62316B9B400F2E8B4 /* GithubRepoTableViewCell.xib in Resources */ = {isa = PBXBuildFile; fileRef = 6CF3E2B42316B9B400F2E8B4 /* GithubRepoTableViewCell.xib */; };
		6CF3E2B82316BEB800F2E8B4 /* Owner.swift in Sources */ = {isa = PBXBuildFile; fileRef = 6CF3E2B72316BEB800F2E8B4 /* Owner.swift */; };
		87D05208B8B154F2F94B3000 /* Pods_MVVM_Poc.framework in Frameworks */ = {isa = PBXBuildFile; fileRef = 995326878AC6101EF1FBDA28 /* Pods_MVVM_Poc.framework */; };
/* End PBXBuildFile section */

/* Begin PBXFileReference section */
		4C4393A922018C0A0009337D /* MVVM Poc.app */ = {isa = PBXFileReference; explicitFileType = wrapper.application; includeInIndex = 0; path = "MVVM Poc.app"; sourceTree = BUILT_PRODUCTS_DIR; };
		4C4393AC22018C0A0009337D /* AppDelegate.swift */ = {isa = PBXFileReference; lastKnownFileType = sourcecode.swift; path = AppDelegate.swift; sourceTree = "<group>"; };
		4C4393B322018C0B0009337D /* Assets.xcassets */ = {isa = PBXFileReference; lastKnownFileType = folder.assetcatalog; path = Assets.xcassets; sourceTree = "<group>"; };
		4C4393B622018C0B0009337D /* Base */ = {isa = PBXFileReference; lastKnownFileType = file.storyboard; name = Base; path = Base.lproj/LaunchScreen.storyboard; sourceTree = "<group>"; };
		4C4393B822018C0B0009337D /* Info.plist */ = {isa = PBXFileReference; lastKnownFileType = text.plist.xml; path = Info.plist; sourceTree = "<group>"; };
		4C87CD712202260400583F20 /* ProjectListViewController.swift */ = {isa = PBXFileReference; lastKnownFileType = sourcecode.swift; path = ProjectListViewController.swift; sourceTree = "<group>"; };
		4C87CD782202273700583F20 /* ProjectListViewModel.swift */ = {isa = PBXFileReference; fileEncoding = 4; lastKnownFileType = sourcecode.swift; path = ProjectListViewModel.swift; sourceTree = "<group>"; };
		4C87CD7A22022E2300583F20 /* Main.storyboard */ = {isa = PBXFileReference; fileEncoding = 4; lastKnownFileType = file.storyboard; path = Main.storyboard; sourceTree = "<group>"; };
		4C87CD7C2202350300583F20 /* mvvm-model.png */ = {isa = PBXFileReference; lastKnownFileType = image.png; path = "mvvm-model.png"; sourceTree = "<group>"; };
		4C87CD7E2202357900583F20 /* mvvm-repository.png */ = {isa = PBXFileReference; lastKnownFileType = image.png; path = "mvvm-repository.png"; sourceTree = "<group>"; };
		4C87CD80220235F000583F20 /* mvvm-viewmodel.png */ = {isa = PBXFileReference; lastKnownFileType = image.png; path = "mvvm-viewmodel.png"; sourceTree = "<group>"; };
		4C87CD822202369300583F20 /* mvvm-viewcontroller1.png */ = {isa = PBXFileReference; lastKnownFileType = image.png; path = "mvvm-viewcontroller1.png"; sourceTree = "<group>"; };
		4C87CD842202369C00583F20 /* mvvm-viewcontroller2.png */ = {isa = PBXFileReference; lastKnownFileType = image.png; path = "mvvm-viewcontroller2.png"; sourceTree = "<group>"; };
		4C9D8C942201EACC00DB60F8 /* GitHubRepository.swift */ = {isa = PBXFileReference; lastKnownFileType = sourcecode.swift; path = GitHubRepository.swift; sourceTree = "<group>"; };
		4C9D8C962201EB2100DB60F8 /* ProjectModel.swift */ = {isa = PBXFileReference; lastKnownFileType = sourcecode.swift; path = ProjectModel.swift; sourceTree = "<group>"; };
		4C9D8C982201EB6D00DB60F8 /* UserModel.swift */ = {isa = PBXFileReference; lastKnownFileType = sourcecode.swift; path = UserModel.swift; sourceTree = "<group>"; };
		6CF3E2B32316B9B400F2E8B4 /* GithubRepoTableViewCell.swift */ = {isa = PBXFileReference; lastKnownFileType = sourcecode.swift; path = GithubRepoTableViewCell.swift; sourceTree = "<group>"; };
		6CF3E2B42316B9B400F2E8B4 /* GithubRepoTableViewCell.xib */ = {isa = PBXFileReference; lastKnownFileType = file.xib; path = GithubRepoTableViewCell.xib; sourceTree = "<group>"; };
		6CF3E2B72316BEB800F2E8B4 /* Owner.swift */ = {isa = PBXFileReference; lastKnownFileType = sourcecode.swift; path = Owner.swift; sourceTree = "<group>"; };
		83081FFE7A60DDA0E1AAA6DA /* Pods-MVVM Poc.release.xcconfig */ = {isa = PBXFileReference; includeInIndex = 1; lastKnownFileType = text.xcconfig; name = "Pods-MVVM Poc.release.xcconfig"; path = "Pods/Target Support Files/Pods-MVVM Poc/Pods-MVVM Poc.release.xcconfig"; sourceTree = "<group>"; };
		995326878AC6101EF1FBDA28 /* Pods_MVVM_Poc.framework */ = {isa = PBXFileReference; explicitFileType = wrapper.framework; includeInIndex = 0; path = Pods_MVVM_Poc.framework; sourceTree = BUILT_PRODUCTS_DIR; };
		BEB692B9659D831306AF89A2 /* Pods-MVVM Poc.debug.xcconfig */ = {isa = PBXFileReference; includeInIndex = 1; lastKnownFileType = text.xcconfig; name = "Pods-MVVM Poc.debug.xcconfig"; path = "Pods/Target Support Files/Pods-MVVM Poc/Pods-MVVM Poc.debug.xcconfig"; sourceTree = "<group>"; };
/* End PBXFileReference section */

/* Begin PBXFrameworksBuildPhase section */
		4C4393A622018C0A0009337D /* Frameworks */ = {
			isa = PBXFrameworksBuildPhase;
			buildActionMask = 2147483647;
			files = (
				87D05208B8B154F2F94B3000 /* Pods_MVVM_Poc.framework in Frameworks */,
			);
			runOnlyForDeploymentPostprocessing = 0;
		};
/* End PBXFrameworksBuildPhase section */

/* Begin PBXGroup section */
		07ECCD40B8F0CB2B3933CF81 /* Frameworks */ = {
			isa = PBXGroup;
			children = (
				995326878AC6101EF1FBDA28 /* Pods_MVVM_Poc.framework */,
			);
			name = Frameworks;
			sourceTree = "<group>";
		};
		4BC529C92C7AD97067952C4A /* Pods */ = {
			isa = PBXGroup;
			children = (
				BEB692B9659D831306AF89A2 /* Pods-MVVM Poc.debug.xcconfig */,
				83081FFE7A60DDA0E1AAA6DA /* Pods-MVVM Poc.release.xcconfig */,
			);
			name = Pods;
			sourceTree = "<group>";
		};
		4C4393A022018C0A0009337D = {
			isa = PBXGroup;
			children = (
				4C4393AB22018C0A0009337D /* MVVM Poc */,
				4C4393AA22018C0A0009337D /* Products */,
				4BC529C92C7AD97067952C4A /* Pods */,
				07ECCD40B8F0CB2B3933CF81 /* Frameworks */,
			);
			sourceTree = "<group>";
		};
		4C4393AA22018C0A0009337D /* Products */ = {
			isa = PBXGroup;
			children = (
				4C4393A922018C0A0009337D /* MVVM Poc.app */,
			);
			name = Products;
			sourceTree = "<group>";
		};
		4C4393AB22018C0A0009337D /* MVVM Poc */ = {
			isa = PBXGroup;
			children = (
				4C87CD7C2202350300583F20 /* mvvm-model.png */,
				4C87CD7E2202357900583F20 /* mvvm-repository.png */,
				4C87CD80220235F000583F20 /* mvvm-viewmodel.png */,
				4C87CD822202369300583F20 /* mvvm-viewcontroller1.png */,
				4C87CD842202369C00583F20 /* mvvm-viewcontroller2.png */,
				4C4393BE220195E30009337D /* Model */,
				4C4393BF220195FA0009337D /* View */,
				4C87CD75220226D100583F20 /* ViewModel */,
				4C9D8C932201EAAD00DB60F8 /* Repository */,
				4C4393C02201AD480009337D /* ViewController */,
				4C4393AC22018C0A0009337D /* AppDelegate.swift */,
				4C4393B322018C0B0009337D /* Assets.xcassets */,
				4C4393B522018C0B0009337D /* LaunchScreen.storyboard */,
				4C4393B822018C0B0009337D /* Info.plist */,
			);
			path = "MVVM Poc";
			sourceTree = "<group>";
		};
		4C4393BE220195E30009337D /* Model */ = {
			isa = PBXGroup;
			children = (
				4C9D8C962201EB2100DB60F8 /* ProjectModel.swift */,
				4C9D8C982201EB6D00DB60F8 /* UserModel.swift */,
				6CF3E2B72316BEB800F2E8B4 /* Owner.swift */,
			);
			path = Model;
			sourceTree = "<group>";
		};
		4C4393BF220195FA0009337D /* View */ = {
			isa = PBXGroup;
			children = (
				6CF3E2B22316B96400F2E8B4 /* Shared */,
				4C87CD7A22022E2300583F20 /* Main.storyboard */,
			);
			path = View;
			sourceTree = "<group>";
		};
		4C4393C02201AD480009337D /* ViewController */ = {
			isa = PBXGroup;
			children = (
				4C87CD712202260400583F20 /* ProjectListViewController.swift */,
			);
			path = ViewController;
			sourceTree = "<group>";
		};
		4C87CD75220226D100583F20 /* ViewModel */ = {
			isa = PBXGroup;
			children = (
				4C87CD782202273700583F20 /* ProjectListViewModel.swift */,
			);
			path = ViewModel;
			sourceTree = "<group>";
		};
		4C9D8C932201EAAD00DB60F8 /* Repository */ = {
			isa = PBXGroup;
			children = (
				4C9D8C942201EACC00DB60F8 /* GitHubRepository.swift */,
			);
			path = Repository;
			sourceTree = "<group>";
		};
		6CF3E2B22316B96400F2E8B4 /* Shared */ = {
			isa = PBXGroup;
			children = (
				6CF3E2B32316B9B400F2E8B4 /* GithubRepoTableViewCell.swift */,
				6CF3E2B42316B9B400F2E8B4 /* GithubRepoTableViewCell.xib */,
			);
			path = Shared;
			sourceTree = "<group>";
		};
/* End PBXGroup section */

/* Begin PBXNativeTarget section */
		4C4393A822018C0A0009337D /* MVVM Poc */ = {
			isa = PBXNativeTarget;
			buildConfigurationList = 4C4393BB22018C0B0009337D /* Build configuration list for PBXNativeTarget "MVVM Poc" */;
			buildPhases = (
				2D8ADE0CB62816C30CC07651 /* [CP] Check Pods Manifest.lock */,
				4C4393A522018C0A0009337D /* Sources */,
				4C4393A622018C0A0009337D /* Frameworks */,
				4C4393A722018C0A0009337D /* Resources */,
				39421D48DB1190BEC155CC6A /* [CP] Embed Pods Frameworks */,
			);
			buildRules = (
			);
			dependencies = (
			);
			name = "MVVM Poc";
			productName = "MVVM Poc";
			productReference = 4C4393A922018C0A0009337D /* MVVM Poc.app */;
			productType = "com.apple.product-type.application";
		};
/* End PBXNativeTarget section */

/* Begin PBXProject section */
		4C4393A122018C0A0009337D /* Project object */ = {
			isa = PBXProject;
			attributes = {
				LastSwiftUpdateCheck = 1010;
				LastUpgradeCheck = 1010;
				ORGANIZATIONNAME = "Koçsistem";
				TargetAttributes = {
					4C4393A822018C0A0009337D = {
						CreatedOnToolsVersion = 10.1;
					};
				};
			};
			buildConfigurationList = 4C4393A422018C0A0009337D /* Build configuration list for PBXProject "MVVM Poc" */;
			compatibilityVersion = "Xcode 9.3";
			developmentRegion = en;
			hasScannedForEncodings = 0;
			knownRegions = (
				en,
				Base,
			);
			mainGroup = 4C4393A022018C0A0009337D;
			productRefGroup = 4C4393AA22018C0A0009337D /* Products */;
			projectDirPath = "";
			projectRoot = "";
			targets = (
				4C4393A822018C0A0009337D /* MVVM Poc */,
			);
		};
/* End PBXProject section */

/* Begin PBXResourcesBuildPhase section */
		4C4393A722018C0A0009337D /* Resources */ = {
			isa = PBXResourcesBuildPhase;
			buildActionMask = 2147483647;
			files = (
				4C4393B722018C0B0009337D /* LaunchScreen.storyboard in Resources */,
				4C87CD7D2202350300583F20 /* mvvm-model.png in Resources */,
				4C87CD81220235F000583F20 /* mvvm-viewmodel.png in Resources */,
				4C87CD832202369300583F20 /* mvvm-viewcontroller1.png in Resources */,
				4C4393B422018C0B0009337D /* Assets.xcassets in Resources */,
				6CF3E2B62316B9B400F2E8B4 /* GithubRepoTableViewCell.xib in Resources */,
				4C87CD7F2202357900583F20 /* mvvm-repository.png in Resources */,
				4C87CD7B22022E2300583F20 /* Main.storyboard in Resources */,
				4C87CD852202369C00583F20 /* mvvm-viewcontroller2.png in Resources */,
			);
			runOnlyForDeploymentPostprocessing = 0;
		};
/* End PBXResourcesBuildPhase section */

/* Begin PBXShellScriptBuildPhase section */
		2D8ADE0CB62816C30CC07651 /* [CP] Check Pods Manifest.lock */ = {
			isa = PBXShellScriptBuildPhase;
			buildActionMask = 2147483647;
			files = (
			);
			inputFileListPaths = (
			);
			inputPaths = (
				"${PODS_PODFILE_DIR_PATH}/Podfile.lock",
				"${PODS_ROOT}/Manifest.lock",
			);
			name = "[CP] Check Pods Manifest.lock";
			outputFileListPaths = (
			);
			outputPaths = (
				"$(DERIVED_FILE_DIR)/Pods-MVVM Poc-checkManifestLockResult.txt",
			);
			runOnlyForDeploymentPostprocessing = 0;
			shellPath = /bin/sh;
			shellScript = "diff \"${PODS_PODFILE_DIR_PATH}/Podfile.lock\" \"${PODS_ROOT}/Manifest.lock\" > /dev/null\nif [ $? != 0 ] ; then\n    # print error to STDERR\n    echo \"error: The sandbox is not in sync with the Podfile.lock. Run 'pod install' or update your CocoaPods installation.\" >&2\n    exit 1\nfi\n# This output is used by Xcode 'outputs' to avoid re-running this script phase.\necho \"SUCCESS\" > \"${SCRIPT_OUTPUT_FILE_0}\"\n";
			showEnvVarsInLog = 0;
		};
		39421D48DB1190BEC155CC6A /* [CP] Embed Pods Frameworks */ = {
			isa = PBXShellScriptBuildPhase;
			buildActionMask = 2147483647;
			files = (
			);
			inputFileListPaths = (
			);
			inputPaths = (
				"${PODS_ROOT}/Target Support Files/Pods-MVVM Poc/Pods-MVVM Poc-frameworks.sh",
				"${BUILT_PRODUCTS_DIR}/Alamofire/Alamofire.framework",
				"${BUILT_PRODUCTS_DIR}/Networking/Networking.framework",
				"${BUILT_PRODUCTS_DIR}/PKHUD/PKHUD.framework",
				"${BUILT_PRODUCTS_DIR}/RxAtomic/RxAtomic.framework",
				"${BUILT_PRODUCTS_DIR}/RxCocoa/RxCocoa.framework",
				"${BUILT_PRODUCTS_DIR}/RxSwift/RxSwift.framework",
			);
			name = "[CP] Embed Pods Frameworks";
			outputFileListPaths = (
			);
			outputPaths = (
				"${TARGET_BUILD_DIR}/${FRAMEWORKS_FOLDER_PATH}/Alamofire.framework",
				"${TARGET_BUILD_DIR}/${FRAMEWORKS_FOLDER_PATH}/Networking.framework",
				"${TARGET_BUILD_DIR}/${FRAMEWORKS_FOLDER_PATH}/PKHUD.framework",
				"${TARGET_BUILD_DIR}/${FRAMEWORKS_FOLDER_PATH}/RxAtomic.framework",
				"${TARGET_BUILD_DIR}/${FRAMEWORKS_FOLDER_PATH}/RxCocoa.framework",
				"${TARGET_BUILD_DIR}/${FRAMEWORKS_FOLDER_PATH}/RxSwift.framework",
			);
			runOnlyForDeploymentPostprocessing = 0;
			shellPath = /bin/sh;
			shellScript = "\"${PODS_ROOT}/Target Support Files/Pods-MVVM Poc/Pods-MVVM Poc-frameworks.sh\"\n";
			showEnvVarsInLog = 0;
		};
/* End PBXShellScriptBuildPhase section */

/* Begin PBXSourcesBuildPhase section */
		4C4393A522018C0A0009337D /* Sources */ = {
			isa = PBXSourcesBuildPhase;
			buildActionMask = 2147483647;
			files = (
				4C9D8C952201EACC00DB60F8 /* GitHubRepository.swift in Sources */,
				6CF3E2B82316BEB800F2E8B4 /* Owner.swift in Sources */,
				4C9D8C972201EB2100DB60F8 /* ProjectModel.swift in Sources */,
				4C87CD722202260400583F20 /* ProjectListViewController.swift in Sources */,
				4C87CD792202273700583F20 /* ProjectListViewModel.swift in Sources */,
				4C9D8C992201EB6D00DB60F8 /* UserModel.swift in Sources */,
				4C4393AD22018C0A0009337D /* AppDelegate.swift in Sources */,
				6CF3E2B52316B9B400F2E8B4 /* GithubRepoTableViewCell.swift in Sources */,
			);
			runOnlyForDeploymentPostprocessing = 0;
		};
/* End PBXSourcesBuildPhase section */

/* Begin PBXVariantGroup section */
		4C4393B522018C0B0009337D /* LaunchScreen.storyboard */ = {
			isa = PBXVariantGroup;
			children = (
				4C4393B622018C0B0009337D /* Base */,
			);
			name = LaunchScreen.storyboard;
			sourceTree = "<group>";
		};
/* End PBXVariantGroup section */

/* Begin XCBuildConfiguration section */
		4C4393B922018C0B0009337D /* Debug */ = {
			isa = XCBuildConfiguration;
			buildSettings = {
				ALWAYS_SEARCH_USER_PATHS = NO;
				CLANG_ANALYZER_NONNULL = YES;
				CLANG_ANALYZER_NUMBER_OBJECT_CONVERSION = YES_AGGRESSIVE;
				CLANG_CXX_LANGUAGE_STANDARD = "gnu++14";
				CLANG_CXX_LIBRARY = "libc++";
				CLANG_ENABLE_MODULES = YES;
				CLANG_ENABLE_OBJC_ARC = YES;
				CLANG_ENABLE_OBJC_WEAK = YES;
				CLANG_WARN_BLOCK_CAPTURE_AUTORELEASING = YES;
				CLANG_WARN_BOOL_CONVERSION = YES;
				CLANG_WARN_COMMA = YES;
				CLANG_WARN_CONSTANT_CONVERSION = YES;
				CLANG_WARN_DEPRECATED_OBJC_IMPLEMENTATIONS = YES;
				CLANG_WARN_DIRECT_OBJC_ISA_USAGE = YES_ERROR;
				CLANG_WARN_DOCUMENTATION_COMMENTS = YES;
				CLANG_WARN_EMPTY_BODY = YES;
				CLANG_WARN_ENUM_CONVERSION = YES;
				CLANG_WARN_INFINITE_RECURSION = YES;
				CLANG_WARN_INT_CONVERSION = YES;
				CLANG_WARN_NON_LITERAL_NULL_CONVERSION = YES;
				CLANG_WARN_OBJC_IMPLICIT_RETAIN_SELF = YES;
				CLANG_WARN_OBJC_LITERAL_CONVERSION = YES;
				CLANG_WARN_OBJC_ROOT_CLASS = YES_ERROR;
				CLANG_WARN_RANGE_LOOP_ANALYSIS = YES;
				CLANG_WARN_STRICT_PROTOTYPES = YES;
				CLANG_WARN_SUSPICIOUS_MOVE = YES;
				CLANG_WARN_UNGUARDED_AVAILABILITY = YES_AGGRESSIVE;
				CLANG_WARN_UNREACHABLE_CODE = YES;
				CLANG_WARN__DUPLICATE_METHOD_MATCH = YES;
				CODE_SIGN_IDENTITY = "iPhone Developer";
				COPY_PHASE_STRIP = NO;
				DEBUG_INFORMATION_FORMAT = dwarf;
				ENABLE_STRICT_OBJC_MSGSEND = YES;
				ENABLE_TESTABILITY = YES;
				GCC_C_LANGUAGE_STANDARD = gnu11;
				GCC_DYNAMIC_NO_PIC = NO;
				GCC_NO_COMMON_BLOCKS = YES;
				GCC_OPTIMIZATION_LEVEL = 0;
				GCC_PREPROCESSOR_DEFINITIONS = (
					"DEBUG=1",
					"$(inherited)",
				);
				GCC_WARN_64_TO_32_BIT_CONVERSION = YES;
				GCC_WARN_ABOUT_RETURN_TYPE = YES_ERROR;
				GCC_WARN_UNDECLARED_SELECTOR = YES;
				GCC_WARN_UNINITIALIZED_AUTOS = YES_AGGRESSIVE;
				GCC_WARN_UNUSED_FUNCTION = YES;
				GCC_WARN_UNUSED_VARIABLE = YES;
				IPHONEOS_DEPLOYMENT_TARGET = 12.1;
				MTL_ENABLE_DEBUG_INFO = INCLUDE_SOURCE;
				MTL_FAST_MATH = YES;
				ONLY_ACTIVE_ARCH = YES;
				SDKROOT = iphoneos;
				SWIFT_ACTIVE_COMPILATION_CONDITIONS = DEBUG;
				SWIFT_OPTIMIZATION_LEVEL = "-Onone";
			};
			name = Debug;
		};
		4C4393BA22018C0B0009337D /* Release */ = {
			isa = XCBuildConfiguration;
			buildSettings = {
				ALWAYS_SEARCH_USER_PATHS = NO;
				CLANG_ANALYZER_NONNULL = YES;
				CLANG_ANALYZER_NUMBER_OBJECT_CONVERSION = YES_AGGRESSIVE;
				CLANG_CXX_LANGUAGE_STANDARD = "gnu++14";
				CLANG_CXX_LIBRARY = "libc++";
				CLANG_ENABLE_MODULES = YES;
				CLANG_ENABLE_OBJC_ARC = YES;
				CLANG_ENABLE_OBJC_WEAK = YES;
				CLANG_WARN_BLOCK_CAPTURE_AUTORELEASING = YES;
				CLANG_WARN_BOOL_CONVERSION = YES;
				CLANG_WARN_COMMA = YES;
				CLANG_WARN_CONSTANT_CONVERSION = YES;
				CLANG_WARN_DEPRECATED_OBJC_IMPLEMENTATIONS = YES;
				CLANG_WARN_DIRECT_OBJC_ISA_USAGE = YES_ERROR;
				CLANG_WARN_DOCUMENTATION_COMMENTS = YES;
				CLANG_WARN_EMPTY_BODY = YES;
				CLANG_WARN_ENUM_CONVERSION = YES;
				CLANG_WARN_INFINITE_RECURSION = YES;
				CLANG_WARN_INT_CONVERSION = YES;
				CLANG_WARN_NON_LITERAL_NULL_CONVERSION = YES;
				CLANG_WARN_OBJC_IMPLICIT_RETAIN_SELF = YES;
				CLANG_WARN_OBJC_LITERAL_CONVERSION = YES;
				CLANG_WARN_OBJC_ROOT_CLASS = YES_ERROR;
				CLANG_WARN_RANGE_LOOP_ANALYSIS = YES;
				CLANG_WARN_STRICT_PROTOTYPES = YES;
				CLANG_WARN_SUSPICIOUS_MOVE = YES;
				CLANG_WARN_UNGUARDED_AVAILABILITY = YES_AGGRESSIVE;
				CLANG_WARN_UNREACHABLE_CODE = YES;
				CLANG_WARN__DUPLICATE_METHOD_MATCH = YES;
				CODE_SIGN_IDENTITY = "iPhone Developer";
				COPY_PHASE_STRIP = NO;
				DEBUG_INFORMATION_FORMAT = "dwarf-with-dsym";
				ENABLE_NS_ASSERTIONS = NO;
				ENABLE_STRICT_OBJC_MSGSEND = YES;
				GCC_C_LANGUAGE_STANDARD = gnu11;
				GCC_NO_COMMON_BLOCKS = YES;
				GCC_WARN_64_TO_32_BIT_CONVERSION = YES;
				GCC_WARN_ABOUT_RETURN_TYPE = YES_ERROR;
				GCC_WARN_UNDECLARED_SELECTOR = YES;
				GCC_WARN_UNINITIALIZED_AUTOS = YES_AGGRESSIVE;
				GCC_WARN_UNUSED_FUNCTION = YES;
				GCC_WARN_UNUSED_VARIABLE = YES;
				IPHONEOS_DEPLOYMENT_TARGET = 12.1;
				MTL_ENABLE_DEBUG_INFO = NO;
				MTL_FAST_MATH = YES;
				SDKROOT = iphoneos;
				SWIFT_COMPILATION_MODE = wholemodule;
				SWIFT_OPTIMIZATION_LEVEL = "-O";
				VALIDATE_PRODUCT = YES;
			};
			name = Release;
		};
		4C4393BC22018C0B0009337D /* Debug */ = {
			isa = XCBuildConfiguration;
			baseConfigurationReference = BEB692B9659D831306AF89A2 /* Pods-MVVM Poc.debug.xcconfig */;
			buildSettings = {
				ASSETCATALOG_COMPILER_APPICON_NAME = AppIcon;
				CODE_SIGN_STYLE = Manual;
				DEVELOPMENT_TEAM = T6CKW2WS23;
				INFOPLIST_FILE = "MVVM Poc/Info.plist";
				LD_RUNPATH_SEARCH_PATHS = (
					"$(inherited)",
					"@executable_path/Frameworks",
				);
				PRODUCT_BUNDLE_IDENTIFIER = com.kocsistem.edu;
				PRODUCT_NAME = "$(TARGET_NAME)";
				PROVISIONING_PROFILE_SPECIFIER = iosedu_dev_profile;
				SWIFT_VERSION = 4.2;
				TARGETED_DEVICE_FAMILY = "1,2";
			};
			name = Debug;
		};
		4C4393BD22018C0B0009337D /* Release */ = {
			isa = XCBuildConfiguration;
			baseConfigurationReference = 83081FFE7A60DDA0E1AAA6DA /* Pods-MVVM Poc.release.xcconfig */;
			buildSettings = {
				ASSETCATALOG_COMPILER_APPICON_NAME = AppIcon;
				CODE_SIGN_STYLE = Manual;
				DEVELOPMENT_TEAM = "";
				INFOPLIST_FILE = "MVVM Poc/Info.plist";
				LD_RUNPATH_SEARCH_PATHS = (
					"$(inherited)",
					"@executable_path/Frameworks",
				);
				PRODUCT_BUNDLE_IDENTIFIER = com.kocsistem.edu;
				PRODUCT_NAME = "$(TARGET_NAME)";
				PROVISIONING_PROFILE_SPECIFIER = "";
				SWIFT_VERSION = 4.2;
				TARGETED_DEVICE_FAMILY = "1,2";
			};
			name = Release;
		};
/* End XCBuildConfiguration section */

/* Begin XCConfigurationList section */
		4C4393A422018C0A0009337D /* Build configuration list for PBXProject "MVVM Poc" */ = {
			isa = XCConfigurationList;
			buildConfigurations = (
				4C4393B922018C0B0009337D /* Debug */,
				4C4393BA22018C0B0009337D /* Release */,
			);
			defaultConfigurationIsVisible = 0;
			defaultConfigurationName = Release;
		};
		4C4393BB22018C0B0009337D /* Build configuration list for PBXNativeTarget "MVVM Poc" */ = {
			isa = XCConfigurationList;
			buildConfigurations = (
				4C4393BC22018C0B0009337D /* Debug */,
				4C4393BD22018C0B0009337D /* Release */,
			);
			defaultConfigurationIsVisible = 0;
			defaultConfigurationName = Release;
		};
/* End XCConfigurationList section */
	};
	rootObject = 4C4393A122018C0A0009337D /* Project object */;
}
